
Microsoft Visual Studio Solution File, Format Version 12.00
# Visual Studio 14
VisualStudioVersion = 14.0.25420.1
MinimumVisualStudioVersion = 10.0.40219.1
Project("{FAE04EC0-301F-11D3-BF4B-00C04F79EFBC}") = "txtTestCloudGitHup", "txtTestCloudGitHup\txtTestCloudGitHup.csproj", "{CE40D6AF-FA2E-4756-8B0B-9F34A1C4179D}"
EndProject
Global
	GlobalSection(SolutionConfigurationPlatforms) = preSolution
		Debug|Any CPU = Debug|Any CPU
		Release|Any CPU = Release|Any CPU
	EndGlobalSection
	GlobalSection(ProjectConfigurationPlatforms) = postSolution
		{CE40D6AF-FA2E-4756-8B0B-9F34A1C4179D}.Debug|Any CPU.ActiveCfg = Debug|Any CPU
		{CE40D6AF-FA2E-4756-8B0B-9F34A1C4179D}.Debug|Any CPU.Build.0 = Debug|Any CPU
		{CE40D6AF-FA2E-4756-8B0B-9F34A1C4179D}.Release|Any CPU.ActiveCfg = Release|Any CPU
		{CE40D6AF-FA2E-4756-8B0B-9F34A1C4179D}.Release|Any CPU.Build.0 = Release|Any CPU
	EndGlobalSection
	GlobalSection(SolutionProperties) = preSolution
		HideSolutionNode = FALSE
	EndGlobalSection
EndGlobal
